{
  "name": "@profullstack/x402-gateway",
  "version": "0.7.0",
  "lockfileVersion": 3,
  "requires": true,
  "packages": {
    "": {
      "name": "@profullstack/x402-gateway",
      "version": "0.7.0",
      "license": "MIT",
      "dependencies": {
        "@profullstack/keys": "^0.1.0"
      },
      "engines": {
        "node": ">=20.11"
      }
    },
    "node_modules/@profullstack/keys": {
      "version": "0.1.0",
      "resolved": "https://registry.npmjs.org/@profullstack/keys/-/keys-0.1.0.tgz",
      "integrity": "sha512-Vys47LvS5ivhdZu4SYOxh9Le3DEmWhjP0+CtrU45RhXAbY0ZFG/2Dk9V1bIIUGDp8UWMJqctvUD21JrNjfh04w==",
      "license": "MIT",
      "engines": {
        "node": ">=20.11"
      }
    }
  }
}
